
Microsoft Visual Studio Solution File, Format Version 12.00
# Visual Studio Version 17
VisualStudioVersion = 17.12.35506.116
MinimumVisualStudioVersion = 10.0.40219.1
Project("{FAE04EC0-301F-11D3-BF4B-00C04F79EFBC}") = "webApi", "webApi\webApi.csproj", "{A5AC69F6-94AF-483C-8F37-8F9D9CA3812C}"
EndProject
Project("{E53339B2-1760-4266-BCC7-CA923CBCF16C}") = "docker-compose", "docker-compose.dcproj", "{BA48D4AE-3AC7-43F8-AA20-383B94159FA9}"
EndProject
Global
	GlobalSection(SolutionConfigurationPlatforms) = preSolution
		Debug|Any CPU = Debug|Any CPU
		Release|Any CPU = Release|Any CPU
	EndGlobalSection
	GlobalSection(ProjectConfigurationPlatforms) = postSolution
		{A5AC69F6-94AF-483C-8F37-8F9D9CA3812C}.Debug|Any CPU.ActiveCfg = Debug|Any CPU
		{A5AC69F6-94AF-483C-8F37-8F9D9CA3812C}.Debug|Any CPU.Build.0 = Debug|Any CPU
		{A5AC69F6-94AF-483C-8F37-8F9D9CA3812C}.Release|Any CPU.ActiveCfg = Release|Any CPU
		{A5AC69F6-94AF-483C-8F37-8F9D9CA3812C}.Release|Any CPU.Build.0 = Release|Any CPU
		{BA48D4AE-3AC7-43F8-AA20-383B94159FA9}.Debug|Any CPU.ActiveCfg = Debug|Any CPU
		{BA48D4AE-3AC7-43F8-AA20-383B94159FA9}.Debug|Any CPU.Build.0 = Debug|Any CPU
		{BA48D4AE-3AC7-43F8-AA20-383B94159FA9}.Release|Any CPU.ActiveCfg = Release|Any CPU
		{BA48D4AE-3AC7-43F8-AA20-383B94159FA9}.Release|Any CPU.Build.0 = Release|Any CPU
	EndGlobalSection
	GlobalSection(SolutionProperties) = preSolution
		HideSolutionNode = FALSE
	EndGlobalSection
EndGlobal
